
Microsoft Visual Studio Solution File, Format Version 12.00
# Visual Studio Version 16
VisualStudioVersion = 16.0.29319.158
MinimumVisualStudioVersion = 10.0.40219.1
Project("{FAE04EC0-301F-11D3-BF4B-00C04F79EFBC}") = "软件过程登录界面", "软件过程登录界面.csproj", "{77416B63-9679-4E3C-A75C-3696609D886B}"
EndProject
Global
	GlobalSection(SolutionConfigurationPlatforms) = preSolution
		Debug|Any CPU = Debug|Any CPU
		Release|Any CPU = Release|Any CPU
	EndGlobalSection
	GlobalSection(ProjectConfigurationPlatforms) = postSolution
		{77416B63-9679-4E3C-A75C-3696609D886B}.Debug|Any CPU.ActiveCfg = Debug|Any CPU
		{77416B63-9679-4E3C-A75C-3696609D886B}.Debug|Any CPU.Build.0 = Debug|Any CPU
		{77416B63-9679-4E3C-A75C-3696609D886B}.Release|Any CPU.ActiveCfg = Release|Any CPU
		{77416B63-9679-4E3C-A75C-3696609D886B}.Release|Any CPU.Build.0 = Release|Any CPU
	EndGlobalSection
	GlobalSection(SolutionProperties) = preSolution
		HideSolutionNode = FALSE
	EndGlobalSection
	GlobalSection(ExtensibilityGlobals) = postSolution
		SolutionGuid = {AA927574-460A-40AF-B49F-98575FA1EA97}
	EndGlobalSection
EndGlobal
